// !$*UTF8*$!
{
	archiveVersion = 1;
	classes = {
	};
	objectVersion = 50;
	objects = {

/* Begin PBXBuildFile section */
		EB6FF2F624D2CE9100309237 /* AppDelegate.swift in Sources */ = {isa = PBXBuildFile; fileRef = EB6FF2F524D2CE9100309237 /* AppDelegate.swift */; };
		EB6FF2F824D2CE9100309237 /* SceneDelegate.swift in Sources */ = {isa = PBXBuildFile; fileRef = EB6FF2F724D2CE9100309237 /* SceneDelegate.swift */; };
		EB6FF2FA24D2CE9100309237 /* ViewController.swift in Sources */ = {isa = PBXBuildFile; fileRef = EB6FF2F924D2CE9100309237 /* ViewController.swift */; };
		EB6FF2FD24D2CE9100309237 /* Main.storyboard in Resources */ = {isa = PBXBuildFile; fileRef = EB6FF2FB24D2CE9100309237 /* Main.storyboard */; };
		EB6FF2FF24D2CE9A00309237 /* Assets.xcassets in Resources */ = {isa = PBXBuildFile; fileRef = EB6FF2FE24D2CE9A00309237 /* Assets.xcassets */; };
		EB6FF30224D2CE9A00309237 /* LaunchScreen.storyboard in Resources */ = {isa = PBXBuildFile; fileRef = EB6FF30024D2CE9A00309237 /* LaunchScreen.storyboard */; };
		EB6FF30D24D2CE9A00309237 /* Memory_GameTests.swift in Sources */ = {isa = PBXBuildFile; fileRef = EB6FF30C24D2CE9A00309237 /* Memory_GameTests.swift */; };
/* End PBXBuildFile section */

/* Begin PBXContainerItemProxy section */
		EB6FF30924D2CE9A00309237 /* PBXContainerItemProxy */ = {
			isa = PBXContainerItemProxy;
			containerPortal = EB6FF2EA24D2CE9100309237 /* Project object */;
			proxyType = 1;
			remoteGlobalIDString = EB6FF2F124D2CE9100309237;
			remoteInfo = "Memory Game";
		};
/* End PBXContainerItemProxy section */

/* Begin PBXFileReference section */
		EB6FF2F224D2CE9100309237 /* Memory Game.app */ = {isa = PBXFileReference; explicitFileType = wrapper.application; includeInIndex = 0; path = "Memory Game.app"; sourceTree = BUILT_PRODUCTS_DIR; };
		EB6FF2F524D2CE9100309237 /* AppDelegate.swift */ = {isa = PBXFileReference; lastKnownFileType = sourcecode.swift; path = AppDelegate.swift; sourceTree = "<group>"; };
		EB6FF2F724D2CE9100309237 /* SceneDelegate.swift */ = {isa = PBXFileReference; lastKnownFileType = sourcecode.swift; path = SceneDelegate.swift; sourceTree = "<group>"; };
		EB6FF2F924D2CE9100309237 /* ViewController.swift */ = {isa = PBXFileReference; lastKnownFileType = sourcecode.swift; path = ViewController.swift; sourceTree = "<group>"; };
		EB6FF2FC24D2CE9100309237 /* Base */ = {isa = PBXFileReference; lastKnownFileType = file.storyboard; name = Base; path = Base.lproj/Main.storyboard; sourceTree = "<group>"; };
		EB6FF2FE24D2CE9A00309237 /* Assets.xcassets */ = {isa = PBXFileReference; lastKnownFileType = folder.assetcatalog; path = Assets.xcassets; sourceTree = "<group>"; };
		EB6FF30124D2CE9A00309237 /* Base */ = {isa = PBXFileReference; lastKnownFileType = file.storyboard; name = Base; path = Base.lproj/LaunchScreen.storyboard; sourceTree = "<group>"; };
		EB6FF30324D2CE9A00309237 /* Info.plist */ = {isa = PBXFileReference; lastKnownFileType = text.plist.xml; path = Info.plist; sourceTree = "<group>"; };
		EB6FF30824D2CE9A00309237 /* Memory GameTests.xctest */ = {isa = PBXFileReference; explicitFileType = wrapper.cfbundle; includeInIndex = 0; path = "Memory GameTests.xctest"; sourceTree = BUILT_PRODUCTS_DIR; };
		EB6FF30C24D2CE9A00309237 /* Memory_GameTests.swift */ = {isa = PBXFileReference; lastKnownFileType = sourcecode.swift; path = Memory_GameTests.swift; sourceTree = "<group>"; };
		EB6FF30E24D2CE9A00309237 /* Info.plist */ = {isa = PBXFileReference; lastKnownFileType = text.plist.xml; path = Info.plist; sourceTree = "<group>"; };
/* End PBXFileReference section */

/* Begin PBXFrameworksBuildPhase section */
		EB6FF2EF24D2CE9100309237 /* Frameworks */ = {
			isa = PBXFrameworksBuildPhase;
			buildActionMask = 2147483647;
			files = (
			);
			runOnlyForDeploymentPostprocessing = 0;
		};
		EB6FF30524D2CE9A00309237 /* Frameworks */ = {
			isa = PBXFrameworksBuildPhase;
			buildActionMask = 2147483647;
			files = (
			);
			runOnlyForDeploymentPostprocessing = 0;
		};
/* End PBXFrameworksBuildPhase section */

/* Begin PBXGroup section */
		EB6FF2E924D2CE9100309237 = {
			isa = PBXGroup;
			children = (
				EB6FF2F424D2CE9100309237 /* Memory Game */,
				EB6FF30B24D2CE9A00309237 /* Memory GameTests */,
				EB6FF2F324D2CE9100309237 /* Products */,
			);
			sourceTree = "<group>";
		};
		EB6FF2F324D2CE9100309237 /* Products */ = {
			isa = PBXGroup;
			children = (
				EB6FF2F224D2CE9100309237 /* Memory Game.app */,
				EB6FF30824D2CE9A00309237 /* Memory GameTests.xctest */,
			);
			name = Products;
			sourceTree = "<group>";
		};
		EB6FF2F424D2CE9100309237 /* Memory Game */ = {
			isa = PBXGroup;
			children = (
				EB6FF2F524D2CE9100309237 /* AppDelegate.swift */,
				EB6FF2F724D2CE9100309237 /* SceneDelegate.swift */,
				EB6FF2F924D2CE9100309237 /* ViewController.swift */,
				EB6FF2FB24D2CE9100309237 /* Main.storyboard */,
				EB6FF2FE24D2CE9A00309237 /* Assets.xcassets */,
				EB6FF30024D2CE9A00309237 /* LaunchScreen.storyboard */,
				EB6FF30324D2CE9A00309237 /* Info.plist */,
			);
			path = "Memory Game";
			sourceTree = "<group>";
		};
		EB6FF30B24D2CE9A00309237 /* Memory GameTests */ = {
			isa = PBXGroup;
			children = (
				EB6FF30C24D2CE9A00309237 /* Memory_GameTests.swift */,
				EB6FF30E24D2CE9A00309237 /* Info.plist */,
			);
			path = "Memory GameTests";
			sourceTree = "<group>";
		};
/* End PBXGroup section */

/* Begin PBXNativeTarget section */
		EB6FF2F124D2CE9100309237 /* Memory Game */ = {
			isa = PBXNativeTarget;
			buildConfigurationList = EB6FF31124D2CE9A00309237 /* Build configuration list for PBXNativeTarget "Memory Game" */;
			buildPhases = (
				EB6FF2EE24D2CE9100309237 /* Sources */,
				EB6FF2EF24D2CE9100309237 /* Frameworks */,
				EB6FF2F024D2CE9100309237 /* Resources */,
			);
			buildRules = (
			);
			dependencies = (
			);
			name = "Memory Game";
			productName = "Memory Game";
			productReference = EB6FF2F224D2CE9100309237 /* Memory Game.app */;
			productType = "com.apple.product-type.application";
		};
		EB6FF30724D2CE9A00309237 /* Memory GameTests */ = {
			isa = PBXNativeTarget;
			buildConfigurationList = EB6FF31424D2CE9A00309237 /* Build configuration list for PBXNativeTarget "Memory GameTests" */;
			buildPhases = (
				EB6FF30424D2CE9A00309237 /* Sources */,
				EB6FF30524D2CE9A00309237 /* Frameworks */,
				EB6FF30624D2CE9A00309237 /* Resources */,
			);
			buildRules = (
			);
			dependencies = (
				EB6FF30A24D2CE9A00309237 /* PBXTargetDependency */,
			);
			name = "Memory GameTests";
			productName = "Memory GameTests";
			productReference = EB6FF30824D2CE9A00309237 /* Memory GameTests.xctest */;
			productType = "com.apple.product-type.bundle.unit-test";
		};
/* End PBXNativeTarget section */

/* Begin PBXProject section */
		EB6FF2EA24D2CE9100309237 /* Project object */ = {
			isa = PBXProject;
			attributes = {
				LastSwiftUpdateCheck = 1140;
				LastUpgradeCheck = 1140;
				ORGANIZATIONNAME = "David Maksa";
				TargetAttributes = {
					EB6FF2F124D2CE9100309237 = {
						CreatedOnToolsVersion = 11.4;
					};
					EB6FF30724D2CE9A00309237 = {
						CreatedOnToolsVersion = 11.4;
						TestTargetID = EB6FF2F124D2CE9100309237;
					};
				};
			};
			buildConfigurationList = EB6FF2ED24D2CE9100309237 /* Build configuration list for PBXProject "Memory Game" */;
			compatibilityVersion = "Xcode 9.3";
			developmentRegion = en;
			hasScannedForEncodings = 0;
			knownRegions = (
				en,
				Base,
			);
			mainGroup = EB6FF2E924D2CE9100309237;
			productRefGroup = EB6FF2F324D2CE9100309237 /* Products */;
			projectDirPath = "";
			projectRoot = "";
			targets = (
				EB6FF2F124D2CE9100309237 /* Memory Game */,
				EB6FF30724D2CE9A00309237 /* Memory GameTests */,
			);
		};
/* End PBXProject section */

/* Begin PBXResourcesBuildPhase section */
		EB6FF2F024D2CE9100309237 /* Resources */ = {
			isa = PBXResourcesBuildPhase;
			buildActionMask = 2147483647;
			files = (
				EB6FF30224D2CE9A00309237 /* LaunchScreen.storyboard in Resources */,
				EB6FF2FF24D2CE9A00309237 /* Assets.xcassets in Resources */,
				EB6FF2FD24D2CE9100309237 /* Main.storyboard in Resources */,
			);
			runOnlyForDeploymentPostprocessing = 0;
		};
		EB6FF30624D2CE9A00309237 /* Resources */ = {
			isa = PBXResourcesBuildPhase;
			buildActionMask = 2147483647;
			files = (
			);
			runOnlyForDeploymentPostprocessing = 0;
		};
/* End PBXResourcesBuildPhase section */

/* Begin PBXSourcesBuildPhase section */
		EB6FF2EE24D2CE9100309237 /* Sources */ = {
			isa = PBXSourcesBuildPhase;
			buildActionMask = 2147483647;
			files = (
				EB6FF2FA24D2CE9100309237 /* ViewController.swift in Sources */,
				EB6FF2F624D2CE9100309237 /* AppDelegate.swift in Sources */,
				EB6FF2F824D2CE9100309237 /* SceneDelegate.swift in Sources */,
			);
			runOnlyForDeploymentPostprocessing = 0;
		};
		EB6FF30424D2CE9A00309237 /* Sources */ = {
			isa = PBXSourcesBuildPhase;
			buildActionMask = 2147483647;
			files = (
				EB6FF30D24D2CE9A00309237 /* Memory_GameTests.swift in Sources */,
			);
			runOnlyForDeploymentPostprocessing = 0;
		};
/* End PBXSourcesBuildPhase section */

/* Begin PBXTargetDependency section */
		EB6FF30A24D2CE9A00309237 /* PBXTargetDependency */ = {
			isa = PBXTargetDependency;
			target = EB6FF2F124D2CE9100309237 /* Memory Game */;
			targetProxy = EB6FF30924D2CE9A00309237 /* PBXContainerItemProxy */;
		};
/* End PBXTargetDependency section */

/* Begin PBXVariantGroup section */
		EB6FF2FB24D2CE9100309237 /* Main.storyboard */ = {
			isa = PBXVariantGroup;
			children = (
				EB6FF2FC24D2CE9100309237 /* Base */,
			);
			name = Main.storyboard;
			sourceTree = "<group>";
		};
		EB6FF30024D2CE9A00309237 /* LaunchScreen.storyboard */ = {
			isa = PBXVariantGroup;
			children = (
				EB6FF30124D2CE9A00309237 /* Base */,
			);
			name = LaunchScreen.storyboard;
			sourceTree = "<group>";
		};
/* End PBXVariantGroup section */

/* Begin XCBuildConfiguration section */
		EB6FF30F24D2CE9A00309237 /* Debug */ = {
			isa = XCBuildConfiguration;
			buildSettings = {
				ALWAYS_SEARCH_USER_PATHS = NO;
				CLANG_ANALYZER_NONNULL = YES;
				CLANG_ANALYZER_NUMBER_OBJECT_CONVERSION = YES_AGGRESSIVE;
				CLANG_CXX_LANGUAGE_STANDARD = "gnu++14";
				CLANG_CXX_LIBRARY = "libc++";
				CLANG_ENABLE_MODULES = YES;
				CLANG_ENABLE_OBJC_ARC = YES;
				CLANG_ENABLE_OBJC_WEAK = YES;
				CLANG_WARN_BLOCK_CAPTURE_AUTORELEASING = YES;
				CLANG_WARN_BOOL_CONVERSION = YES;
				CLANG_WARN_COMMA = YES;
				CLANG_WARN_CONSTANT_CONVERSION = YES;
				CLANG_WARN_DEPRECATED_OBJC_IMPLEMENTATIONS = YES;
				CLANG_WARN_DIRECT_OBJC_ISA_USAGE = YES_ERROR;
				CLANG_WARN_DOCUMENTATION_COMMENTS = YES;
				CLANG_WARN_EMPTY_BODY = YES;
				CLANG_WARN_ENUM_CONVERSION = YES;
				CLANG_WARN_INFINITE_RECURSION = YES;
				CLANG_WARN_INT_CONVERSION = YES;
				CLANG_WARN_NON_LITERAL_NULL_CONVERSION = YES;
				CLANG_WARN_OBJC_IMPLICIT_RETAIN_SELF = YES;
				CLANG_WARN_OBJC_LITERAL_CONVERSION = YES;
				CLANG_WARN_OBJC_ROOT_CLASS = YES_ERROR;
				CLANG_WARN_RANGE_LOOP_ANALYSIS = YES;
				CLANG_WARN_STRICT_PROTOTYPES = YES;
				CLANG_WARN_SUSPICIOUS_MOVE = YES;
				CLANG_WARN_UNGUARDED_AVAILABILITY = YES_AGGRESSIVE;
				CLANG_WARN_UNREACHABLE_CODE = YES;
				CLANG_WARN__DUPLICATE_METHOD_MATCH = YES;
				COPY_PHASE_STRIP = NO;
				DEBUG_INFORMATION_FORMAT = dwarf;
				ENABLE_STRICT_OBJC_MSGSEND = YES;
				ENABLE_TESTABILITY = YES;
				GCC_C_LANGUAGE_STANDARD = gnu11;
				GCC_DYNAMIC_NO_PIC = NO;
				GCC_NO_COMMON_BLOCKS = YES;
				GCC_OPTIMIZATION_LEVEL = 0;
				GCC_PREPROCESSOR_DEFINITIONS = (
					"DEBUG=1",
					"$(inherited)",
				);
				GCC_WARN_64_TO_32_BIT_CONVERSION = YES;
				GCC_WARN_ABOUT_RETURN_TYPE = YES_ERROR;
				GCC_WARN_UNDECLARED_SELECTOR = YES;
				GCC_WARN_UNINITIALIZED_AUTOS = YES_AGGRESSIVE;
				GCC_WARN_UNUSED_FUNCTION = YES;
				GCC_WARN_UNUSED_VARIABLE = YES;
				IPHONEOS_DEPLOYMENT_TARGET = 13.4;
				MTL_ENABLE_DEBUG_INFO = INCLUDE_SOURCE;
				MTL_FAST_MATH = YES;
				ONLY_ACTIVE_ARCH = YES;
				SDKROOT = iphoneos;
				SWIFT_ACTIVE_COMPILATION_CONDITIONS = DEBUG;
				SWIFT_OPTIMIZATION_LEVEL = "-Onone";
			};
			name = Debug;
		};
		EB6FF31024D2CE9A00309237 /* Release */ = {
			isa = XCBuildConfiguration;
			buildSettings = {
				ALWAYS_SEARCH_USER_PATHS = NO;
				CLANG_ANALYZER_NONNULL = YES;
				CLANG_ANALYZER_NUMBER_OBJECT_CONVERSION = YES_AGGRESSIVE;
				CLANG_CXX_LANGUAGE_STANDARD = "gnu++14";
				CLANG_CXX_LIBRARY = "libc++";
				CLANG_ENABLE_MODULES = YES;
				CLANG_ENABLE_OBJC_ARC = YES;
				CLANG_ENABLE_OBJC_WEAK = YES;
				CLANG_WARN_BLOCK_CAPTURE_AUTORELEASING = YES;
				CLANG_WARN_BOOL_CONVERSION = YES;
				CLANG_WARN_COMMA = YES;
				CLANG_WARN_CONSTANT_CONVERSION = YES;
				CLANG_WARN_DEPRECATED_OBJC_IMPLEMENTATIONS = YES;
				CLANG_WARN_DIRECT_OBJC_ISA_USAGE = YES_ERROR;
				CLANG_WARN_DOCUMENTATION_COMMENTS = YES;
				CLANG_WARN_EMPTY_BODY = YES;
				CLANG_WARN_ENUM_CONVERSION = YES;
				CLANG_WARN_INFINITE_RECURSION = YES;
				CLANG_WARN_INT_CONVERSION = YES;
				CLANG_WARN_NON_LITERAL_NULL_CONVERSION = YES;
				CLANG_WARN_OBJC_IMPLICIT_RETAIN_SELF = YES;
				CLANG_WARN_OBJC_LITERAL_CONVERSION = YES;
				CLANG_WARN_OBJC_ROOT_CLASS = YES_ERROR;
				CLANG_WARN_RANGE_LOOP_ANALYSIS = YES;
				CLANG_WARN_STRICT_PROTOTYPES = YES;
				CLANG_WARN_SUSPICIOUS_MOVE = YES;
				CLANG_WARN_UNGUARDED_AVAILABILITY = YES_AGGRESSIVE;
				CLANG_WARN_UNREACHABLE_CODE = YES;
				CLANG_WARN__DUPLICATE_METHOD_MATCH = YES;
				COPY_PHASE_STRIP = NO;
				DEBUG_INFORMATION_FORMAT = "dwarf-with-dsym";
				ENABLE_NS_ASSERTIONS = NO;
				ENABLE_STRICT_OBJC_MSGSEND = YES;
				GCC_C_LANGUAGE_STANDARD = gnu11;
				GCC_NO_COMMON_BLOCKS = YES;
				GCC_WARN_64_TO_32_BIT_CONVERSION = YES;
				GCC_WARN_ABOUT_RETURN_TYPE = YES_ERROR;
				GCC_WARN_UNDECLARED_SELECTOR = YES;
				GCC_WARN_UNINITIALIZED_AUTOS = YES_AGGRESSIVE;
				GCC_WARN_UNUSED_FUNCTION = YES;
				GCC_WARN_UNUSED_VARIABLE = YES;
				IPHONEOS_DEPLOYMENT_TARGET = 13.4;
				MTL_ENABLE_DEBUG_INFO = NO;
				MTL_FAST_MATH = YES;
				SDKROOT = iphoneos;
				SWIFT_COMPILATION_MODE = wholemodule;
				SWIFT_OPTIMIZATION_LEVEL = "-O";
				VALIDATE_PRODUCT = YES;
			};
			name = Release;
		};
		EB6FF31224D2CE9A00309237 /* Debug */ = {
			isa = XCBuildConfiguration;
			buildSettings = {
				ASSETCATALOG_COMPILER_APPICON_NAME = AppIcon;
				CODE_SIGN_STYLE = Automatic;
				DEVELOPMENT_TEAM = 569W7RZV46;
				INFOPLIST_FILE = "Memory Game/Info.plist";
				LD_RUNPATH_SEARCH_PATHS = (
					"$(inherited)",
					"@executable_path/Frameworks",
				);
				PRODUCT_BUNDLE_IDENTIFIER = "me.dmaksa.Memory-Game";
				PRODUCT_NAME = "$(TARGET_NAME)";
				SWIFT_VERSION = 5.0;
				TARGETED_DEVICE_FAMILY = "1,2";
			};
			name = Debug;
		};
		EB6FF31324D2CE9A00309237 /* Release */ = {
			isa = XCBuildConfiguration;
			buildSettings = {
				ASSETCATALOG_COMPILER_APPICON_NAME = AppIcon;
				CODE_SIGN_STYLE = Automatic;
				DEVELOPMENT_TEAM = 569W7RZV46;
				INFOPLIST_FILE = "Memory Game/Info.plist";
				LD_RUNPATH_SEARCH_PATHS = (
					"$(inherited)",
					"@executable_path/Frameworks",
				);
				PRODUCT_BUNDLE_IDENTIFIER = "me.dmaksa.Memory-Game";
				PRODUCT_NAME = "$(TARGET_NAME)";
				SWIFT_VERSION = 5.0;
				TARGETED_DEVICE_FAMILY = "1,2";
			};
			name = Release;
		};
		EB6FF31524D2CE9A00309237 /* Debug */ = {
			isa = XCBuildConfiguration;
			buildSettings = {
				ALWAYS_EMBED_SWIFT_STANDARD_LIBRARIES = YES;
				BUNDLE_LOADER = "$(TEST_HOST)";
				CODE_SIGN_STYLE = Automatic;
				DEVELOPMENT_TEAM = 569W7RZV46;
				INFOPLIST_FILE = "Memory GameTests/Info.plist";
				IPHONEOS_DEPLOYMENT_TARGET = 13.4;
				LD_RUNPATH_SEARCH_PATHS = (
					"$(inherited)",
					"@executable_path/Frameworks",
					"@loader_path/Frameworks",
				);
				PRODUCT_BUNDLE_IDENTIFIER = "me.dmaksa.Memory-GameTests";
				PRODUCT_NAME = "$(TARGET_NAME)";
				SWIFT_VERSION = 5.0;
				TARGETED_DEVICE_FAMILY = "1,2";
				TEST_HOST = "$(BUILT_PRODUCTS_DIR)/Memory Game.app/Memory Game";
			};
			name = Debug;
		};
		EB6FF31624D2CE9A00309237 /* Release */ = {
			isa = XCBuildConfiguration;
			buildSettings = {
				ALWAYS_EMBED_SWIFT_STANDARD_LIBRARIES = YES;
				BUNDLE_LOADER = "$(TEST_HOST)";
				CODE_SIGN_STYLE = Automatic;
				DEVELOPMENT_TEAM = 569W7RZV46;
				INFOPLIST_FILE = "Memory GameTests/Info.plist";
				IPHONEOS_DEPLOYMENT_TARGET = 13.4;
				LD_RUNPATH_SEARCH_PATHS = (
					"$(inherited)",
					"@executable_path/Frameworks",
					"@loader_path/Frameworks",
				);
				PRODUCT_BUNDLE_IDENTIFIER = "me.dmaksa.Memory-GameTests";
				PRODUCT_NAME = "$(TARGET_NAME)";
				SWIFT_VERSION = 5.0;
				TARGETED_DEVICE_FAMILY = "1,2";
				TEST_HOST = "$(BUILT_PRODUCTS_DIR)/Memory Game.app/Memory Game";
			};
			name = Release;
		};
/* End XCBuildConfiguration section */

/* Begin XCConfigurationList section */
		EB6FF2ED24D2CE9100309237 /* Build configuration list for PBXProject "Memory Game" */ = {
			isa = XCConfigurationList;
			buildConfigurations = (
				EB6FF30F24D2CE9A00309237 /* Debug */,
				EB6FF31024D2CE9A00309237 /* Release */,
			);
			defaultConfigurationIsVisible = 0;
			defaultConfigurationName = Release;
		};
		EB6FF31124D2CE9A00309237 /* Build configuration list for PBXNativeTarget "Memory Game" */ = {
			isa = XCConfigurationList;
			buildConfigurations = (
				EB6FF31224D2CE9A00309237 /* Debug */,
				EB6FF31324D2CE9A00309237 /* Release */,
			);
			defaultConfigurationIsVisible = 0;
			defaultConfigurationName = Release;
		};
		EB6FF31424D2CE9A00309237 /* Build configuration list for PBXNativeTarget "Memory GameTests" */ = {
			isa = XCConfigurationList;
			buildConfigurations = (
				EB6FF31524D2CE9A00309237 /* Debug */,
				EB6FF31624D2CE9A00309237 /* Release */,
			);
			defaultConfigurationIsVisible = 0;
			defaultConfigurationName = Release;
		};
/* End XCConfigurationList section */
	};
	rootObject = EB6FF2EA24D2CE9100309237 /* Project object */;
}
